
Microsoft Visual Studio Solution File, Format Version 12.00
# Visual Studio Version 17
VisualStudioVersion = 17.5.33627.172
MinimumVisualStudioVersion = 10.0.40219.1
Project("{2150E333-8FDC-42A3-9474-1A3956D46DE8}") = "src", "src", "{2486CFC4-9EA2-42BF-A95B-E32499D85543}"
EndProject
Project("{2150E333-8FDC-42A3-9474-1A3956D46DE8}") = "Core", "Core", "{95CFEC04-AC02-470C-8752-480942B2412B}"
EndProject
Project("{2150E333-8FDC-42A3-9474-1A3956D46DE8}") = "Infrastructure", "Infrastructure", "{8FAA9A4F-9331-4635-8229-72049877CD99}"
EndProject
Project("{2150E333-8FDC-42A3-9474-1A3956D46DE8}") = "API", "API", "{A18A70AA-85A1-4E23-83B3-DA93A4DA887F}"
EndProject
Project("{2150E333-8FDC-42A3-9474-1A3956D46DE8}") = "Web", "Web", "{70CAA103-A066-48F6-A966-B9C13C5CAE20}"
EndProject
Project("{2150E333-8FDC-42A3-9474-1A3956D46DE8}") = "tests", "tests", "{1DD700F6-9048-47DE-B045-BDCFEB2D4799}"
EndProject
Project("{9A19103F-16F7-4668-BE54-9A1E7A4F7556}") = "Key.AiAssistant.Domain", "Key.AiAssistant.Domain\Key.AiAssistant.Domain.csproj", "{1C3E1054-AA2D-4EFA-A6BE-EF2588294991}"
EndProject
Project("{9A19103F-16F7-4668-BE54-9A1E7A4F7556}") = "Key.AiAssistant.Application", "Key.AiAssistant.Application\Key.AiAssistant.Application.csproj", "{91231C7B-50FD-4B18-8292-C2036EFCA0B5}"
EndProject
Project("{9A19103F-16F7-4668-BE54-9A1E7A4F7556}") = "Key.AiAssistant.Store", "Key.AiAssistant.Store\Key.AiAssistant.Store.csproj", "{23519179-9354-4E9F-8A1A-EDC60D67004E}"
EndProject
Project("{9A19103F-16F7-4668-BE54-9A1E7A4F7556}") = "Key.AiAssistant.ChatGPT", "Key.AiAssistant.OpenAI\Key.AiAssistant.ChatGPT.csproj", "{038D13A8-47C8-4100-957B-27BF65094215}"
EndProject
Project("{9A19103F-16F7-4668-BE54-9A1E7A4F7556}") = "Key.AiAssistant.API", "Key.AiAssistant.API\Key.AiAssistant.API.csproj", "{21FE9F99-9375-4A29-9939-D25C8C8BC60C}"
EndProject
Project("{E53339B2-1760-4266-BCC7-CA923CBCF16C}") = "docker-compose", "docker-compose.dcproj", "{919CF88B-36E3-49C7-8E25-5E2B4FFBAA81}"
EndProject
Global
	GlobalSection(SolutionConfigurationPlatforms) = preSolution
		Debug|Any CPU = Debug|Any CPU
		Release|Any CPU = Release|Any CPU
	EndGlobalSection
	GlobalSection(ProjectConfigurationPlatforms) = postSolution
		{1C3E1054-AA2D-4EFA-A6BE-EF2588294991}.Debug|Any CPU.ActiveCfg = Debug|Any CPU
		{1C3E1054-AA2D-4EFA-A6BE-EF2588294991}.Debug|Any CPU.Build.0 = Debug|Any CPU
		{1C3E1054-AA2D-4EFA-A6BE-EF2588294991}.Release|Any CPU.ActiveCfg = Release|Any CPU
		{1C3E1054-AA2D-4EFA-A6BE-EF2588294991}.Release|Any CPU.Build.0 = Release|Any CPU
		{91231C7B-50FD-4B18-8292-C2036EFCA0B5}.Debug|Any CPU.ActiveCfg = Debug|Any CPU
		{91231C7B-50FD-4B18-8292-C2036EFCA0B5}.Debug|Any CPU.Build.0 = Debug|Any CPU
		{91231C7B-50FD-4B18-8292-C2036EFCA0B5}.Release|Any CPU.ActiveCfg = Release|Any CPU
		{91231C7B-50FD-4B18-8292-C2036EFCA0B5}.Release|Any CPU.Build.0 = Release|Any CPU
		{23519179-9354-4E9F-8A1A-EDC60D67004E}.Debug|Any CPU.ActiveCfg = Debug|Any CPU
		{23519179-9354-4E9F-8A1A-EDC60D67004E}.Debug|Any CPU.Build.0 = Debug|Any CPU
		{23519179-9354-4E9F-8A1A-EDC60D67004E}.Release|Any CPU.ActiveCfg = Release|Any CPU
		{23519179-9354-4E9F-8A1A-EDC60D67004E}.Release|Any CPU.Build.0 = Release|Any CPU
		{038D13A8-47C8-4100-957B-27BF65094215}.Debug|Any CPU.ActiveCfg = Debug|Any CPU
		{038D13A8-47C8-4100-957B-27BF65094215}.Debug|Any CPU.Build.0 = Debug|Any CPU
		{038D13A8-47C8-4100-957B-27BF65094215}.Release|Any CPU.ActiveCfg = Release|Any CPU
		{038D13A8-47C8-4100-957B-27BF65094215}.Release|Any CPU.Build.0 = Release|Any CPU
		{21FE9F99-9375-4A29-9939-D25C8C8BC60C}.Debug|Any CPU.ActiveCfg = Debug|Any CPU
		{21FE9F99-9375-4A29-9939-D25C8C8BC60C}.Debug|Any CPU.Build.0 = Debug|Any CPU
		{21FE9F99-9375-4A29-9939-D25C8C8BC60C}.Release|Any CPU.ActiveCfg = Release|Any CPU
		{21FE9F99-9375-4A29-9939-D25C8C8BC60C}.Release|Any CPU.Build.0 = Release|Any CPU
		{919CF88B-36E3-49C7-8E25-5E2B4FFBAA81}.Debug|Any CPU.ActiveCfg = Debug|Any CPU
		{919CF88B-36E3-49C7-8E25-5E2B4FFBAA81}.Debug|Any CPU.Build.0 = Debug|Any CPU
		{919CF88B-36E3-49C7-8E25-5E2B4FFBAA81}.Release|Any CPU.ActiveCfg = Release|Any CPU
		{919CF88B-36E3-49C7-8E25-5E2B4FFBAA81}.Release|Any CPU.Build.0 = Release|Any CPU
	EndGlobalSection
	GlobalSection(SolutionProperties) = preSolution
		HideSolutionNode = FALSE
	EndGlobalSection
	GlobalSection(NestedProjects) = preSolution
		{95CFEC04-AC02-470C-8752-480942B2412B} = {2486CFC4-9EA2-42BF-A95B-E32499D85543}
		{8FAA9A4F-9331-4635-8229-72049877CD99} = {2486CFC4-9EA2-42BF-A95B-E32499D85543}
		{A18A70AA-85A1-4E23-83B3-DA93A4DA887F} = {2486CFC4-9EA2-42BF-A95B-E32499D85543}
		{70CAA103-A066-48F6-A966-B9C13C5CAE20} = {2486CFC4-9EA2-42BF-A95B-E32499D85543}
		{1C3E1054-AA2D-4EFA-A6BE-EF2588294991} = {95CFEC04-AC02-470C-8752-480942B2412B}
		{91231C7B-50FD-4B18-8292-C2036EFCA0B5} = {95CFEC04-AC02-470C-8752-480942B2412B}
		{23519179-9354-4E9F-8A1A-EDC60D67004E} = {8FAA9A4F-9331-4635-8229-72049877CD99}
		{038D13A8-47C8-4100-957B-27BF65094215} = {8FAA9A4F-9331-4635-8229-72049877CD99}
		{21FE9F99-9375-4A29-9939-D25C8C8BC60C} = {A18A70AA-85A1-4E23-83B3-DA93A4DA887F}
	EndGlobalSection
	GlobalSection(ExtensibilityGlobals) = postSolution
		SolutionGuid = {990F2E24-3842-4B1D-82F2-22B604B08CB2}
	EndGlobalSection
EndGlobal
